
Microsoft Visual Studio Solution File, Format Version 12.00
# Visual Studio Version 17
VisualStudioVersion = 17.6.33723.286
MinimumVisualStudioVersion = 10.0.40219.1
Project("{FAE04EC0-301F-11D3-BF4B-00C04F79EFBC}") = "HealthCheckDemo.API", "HealthCheckDemo.API.csproj", "{557BB48F-B7F4-4F11-8F0C-52D3D20EFD44}"
EndProject
Global
	GlobalSection(SolutionConfigurationPlatforms) = preSolution
		Debug|Any CPU = Debug|Any CPU
		Release|Any CPU = Release|Any CPU
	EndGlobalSection
	GlobalSection(ProjectConfigurationPlatforms) = postSolution
		{557BB48F-B7F4-4F11-8F0C-52D3D20EFD44}.Debug|Any CPU.ActiveCfg = Debug|Any CPU
		{557BB48F-B7F4-4F11-8F0C-52D3D20EFD44}.Debug|Any CPU.Build.0 = Debug|Any CPU
		{557BB48F-B7F4-4F11-8F0C-52D3D20EFD44}.Release|Any CPU.ActiveCfg = Release|Any CPU
		{557BB48F-B7F4-4F11-8F0C-52D3D20EFD44}.Release|Any CPU.Build.0 = Release|Any CPU
	EndGlobalSection
	GlobalSection(SolutionProperties) = preSolution
		HideSolutionNode = FALSE
	EndGlobalSection
	GlobalSection(ExtensibilityGlobals) = postSolution
		SolutionGuid = {43D5C0CE-2A57-46CB-AB8B-46D40E07E58C}
	EndGlobalSection
EndGlobal
